
Microsoft Visual Studio Solution File, Format Version 12.00
# Visual Studio Version 16
VisualStudioVersion = 16.0.29201.188
MinimumVisualStudioVersion = 15.0.26124.0
Project("{9A19103F-16F7-4668-BE54-9A1E7A4F7556}") = "StellaLib", "StellaLib\StellaLib.csproj", "{0A3463FD-CF48-4B70-BE83-6668D052B70F}"
EndProject
Project("{9A19103F-16F7-4668-BE54-9A1E7A4F7556}") = "StellaLib.Test", "StellaLib.Test\StellaLib.Test.csproj", "{B6D7B5B9-61D4-415D-BA15-C770EF5CE87B}"
EndProject
Project("{9A19103F-16F7-4668-BE54-9A1E7A4F7556}") = "StellaServerLib", "StellaServerLib\StellaServerLib.csproj", "{7FEEB1EA-08AD-44CF-877E-90A55F8154EF}"
EndProject
Project("{9A19103F-16F7-4668-BE54-9A1E7A4F7556}") = "StellaServerLib.Test", "StellaServerLib.Test\StellaServerLib.Test.csproj", "{ABD5A469-EC56-42A9-A34E-E45577D9E169}"
EndProject
Project("{9A19103F-16F7-4668-BE54-9A1E7A4F7556}") = "StellaClient", "StellaClient\StellaClient.csproj", "{E4C9DE13-8324-4F11-9C69-AF0966851609}"
EndProject
Project("{9A19103F-16F7-4668-BE54-9A1E7A4F7556}") = "rpi_ws281x", "rpi_ws281x\rpi_ws281x.csproj", "{F2FA304A-ECBA-474A-81A5-C93936778E78}"
EndProject
Project("{9A19103F-16F7-4668-BE54-9A1E7A4F7556}") = "StellaClient.Test", "StellaClient.Test\StellaClient.Test.csproj", "{87981F8E-BE15-4F69-8E8F-49D1E3D4BA31}"
EndProject
Project("{9A19103F-16F7-4668-BE54-9A1E7A4F7556}") = "EndToEndTests", "EndToEndTests\EndToEndTests.csproj", "{7889EFE6-7744-4E0B-917F-755539A78029}"
EndProject
Project("{9A19103F-16F7-4668-BE54-9A1E7A4F7556}") = "StellaServerConsole", "StellaServerConsole\StellaServerConsole.csproj", "{69CE885D-65C0-413A-8842-48B19E8848F3}"
EndProject
Project("{9A19103F-16F7-4668-BE54-9A1E7A4F7556}") = "StellaServerAPI", "StellaServerAPI\StellaServerAPI.csproj", "{54B047F4-E0CF-4643-B178-9CFEB81F9D2C}"
EndProject
Project("{9A19103F-16F7-4668-BE54-9A1E7A4F7556}") = "StellaServerAPI.Test", "StellaServerAPI.Test\StellaServerAPI.Test.csproj", "{961C9576-4C42-44B4-945C-8372B6BD0B95}"
EndProject
Project("{9A19103F-16F7-4668-BE54-9A1E7A4F7556}") = "StellaVisualizer", "StellaVisualizer\StellaVisualizer.csproj", "{8CA212E8-08DF-46A0-AA51-D6D884DBF285}"
EndProject
Project("{9A19103F-16F7-4668-BE54-9A1E7A4F7556}") = "StellaClientLib", "StellaClientLib\StellaClientLib.csproj", "{9270EC8B-BAC5-4098-9C21-DD1E8B45888E}"
EndProject
Project("{9A19103F-16F7-4668-BE54-9A1E7A4F7556}") = "BitmapScaler", "BitmapScaler\BitmapScaler.csproj", "{92C6FA91-E7E2-4049-9740-14172D3B65AF}"
EndProject
Project("{9A19103F-16F7-4668-BE54-9A1E7A4F7556}") = "StellaServer", "StellaServer\StellaServer.csproj", "{F65F5286-50FE-4384-A5FB-B27A62D8BB66}"
EndProject
Project("{FAE04EC0-301F-11D3-BF4B-00C04F79EFBC}") = "VideoMapping", "VideoMapping\VideoMapping.csproj", "{BC14DE02-701A-45B0-A0FD-8E1CFEB88117}"
EndProject
Project("{8BC9CEB8-8B4A-11D0-8D11-00A0C91BC942}") = "StellaClientCpp", "StellaClientCpp\StellaClientCpp.vcxproj", "{06E941DB-7B44-4608-A46F-5B8B8F64A9E1}"
EndProject
Project("{8BC9CEB8-8B4A-11D0-8D11-00A0C91BC942}") = "StellaClientCpp.Test", "StellaClientCpp.Test\StellaClientCpp.Test.vcxproj", "{0E8AB898-C90A-4889-B873-1B728FE0E902}"
EndProject
Global
	GlobalSection(SolutionConfigurationPlatforms) = preSolution
		Debug|Any CPU = Debug|Any CPU
		Debug|x64 = Debug|x64
		Debug|x86 = Debug|x86
		Release|Any CPU = Release|Any CPU
		Release|x64 = Release|x64
		Release|x86 = Release|x86
	EndGlobalSection
	GlobalSection(ProjectConfigurationPlatforms) = postSolution
		{0A3463FD-CF48-4B70-BE83-6668D052B70F}.Debug|Any CPU.ActiveCfg = Debug|Any CPU
		{0A3463FD-CF48-4B70-BE83-6668D052B70F}.Debug|Any CPU.Build.0 = Debug|Any CPU
		{0A3463FD-CF48-4B70-BE83-6668D052B70F}.Debug|x64.ActiveCfg = Debug|Any CPU
		{0A3463FD-CF48-4B70-BE83-6668D052B70F}.Debug|x64.Build.0 = Debug|Any CPU
		{0A3463FD-CF48-4B70-BE83-6668D052B70F}.Debug|x86.ActiveCfg = Debug|Any CPU
		{0A3463FD-CF48-4B70-BE83-6668D052B70F}.Debug|x86.Build.0 = Debug|Any CPU
		{0A3463FD-CF48-4B70-BE83-6668D052B70F}.Release|Any CPU.ActiveCfg = Release|Any CPU
		{0A3463FD-CF48-4B70-BE83-6668D052B70F}.Release|Any CPU.Build.0 = Release|Any CPU
		{0A3463FD-CF48-4B70-BE83-6668D052B70F}.Release|x64.ActiveCfg = Release|Any CPU
		{0A3463FD-CF48-4B70-BE83-6668D052B70F}.Release|x64.Build.0 = Release|Any CPU
		{0A3463FD-CF48-4B70-BE83-6668D052B70F}.Release|x86.ActiveCfg = Release|Any CPU
		{0A3463FD-CF48-4B70-BE83-6668D052B70F}.Release|x86.Build.0 = Release|Any CPU
		{B6D7B5B9-61D4-415D-BA15-C770EF5CE87B}.Debug|Any CPU.ActiveCfg = Debug|Any CPU
		{B6D7B5B9-61D4-415D-BA15-C770EF5CE87B}.Debug|Any CPU.Build.0 = Debug|Any CPU
		{B6D7B5B9-61D4-415D-BA15-C770EF5CE87B}.Debug|x64.ActiveCfg = Debug|Any CPU
		{B6D7B5B9-61D4-415D-BA15-C770EF5CE87B}.Debug|x64.Build.0 = Debug|Any CPU
		{B6D7B5B9-61D4-415D-BA15-C770EF5CE87B}.Debug|x86.ActiveCfg = Debug|Any CPU
		{B6D7B5B9-61D4-415D-BA15-C770EF5CE87B}.Debug|x86.Build.0 = Debug|Any CPU
		{B6D7B5B9-61D4-415D-BA15-C770EF5CE87B}.Release|Any CPU.ActiveCfg = Release|Any CPU
		{B6D7B5B9-61D4-415D-BA15-C770EF5CE87B}.Release|Any CPU.Build.0 = Release|Any CPU
		{B6D7B5B9-61D4-415D-BA15-C770EF5CE87B}.Release|x64.ActiveCfg = Release|Any CPU
		{B6D7B5B9-61D4-415D-BA15-C770EF5CE87B}.Release|x64.Build.0 = Release|Any CPU
		{B6D7B5B9-61D4-415D-BA15-C770EF5CE87B}.Release|x86.ActiveCfg = Release|Any CPU
		{B6D7B5B9-61D4-415D-BA15-C770EF5CE87B}.Release|x86.Build.0 = Release|Any CPU
		{7FEEB1EA-08AD-44CF-877E-90A55F8154EF}.Debug|Any CPU.ActiveCfg = Debug|Any CPU
		{7FEEB1EA-08AD-44CF-877E-90A55F8154EF}.Debug|Any CPU.Build.0 = Debug|Any CPU
		{7FEEB1EA-08AD-44CF-877E-90A55F8154EF}.Debug|x64.ActiveCfg = Debug|Any CPU
		{7FEEB1EA-08AD-44CF-877E-90A55F8154EF}.Debug|x64.Build.0 = Debug|Any CPU
		{7FEEB1EA-08AD-44CF-877E-90A55F8154EF}.Debug|x86.ActiveCfg = Debug|Any CPU
		{7FEEB1EA-08AD-44CF-877E-90A55F8154EF}.Debug|x86.Build.0 = Debug|Any CPU
		{7FEEB1EA-08AD-44CF-877E-90A55F8154EF}.Release|Any CPU.ActiveCfg = Release|Any CPU
		{7FEEB1EA-08AD-44CF-877E-90A55F8154EF}.Release|Any CPU.Build.0 = Release|Any CPU
		{7FEEB1EA-08AD-44CF-877E-90A55F8154EF}.Release|x64.ActiveCfg = Release|Any CPU
		{7FEEB1EA-08AD-44CF-877E-90A55F8154EF}.Release|x64.Build.0 = Release|Any CPU
		{7FEEB1EA-08AD-44CF-877E-90A55F8154EF}.Release|x86.ActiveCfg = Release|Any CPU
		{7FEEB1EA-08AD-44CF-877E-90A55F8154EF}.Release|x86.Build.0 = Release|Any CPU
		{ABD5A469-EC56-42A9-A34E-E45577D9E169}.Debug|Any CPU.ActiveCfg = Debug|Any CPU
		{ABD5A469-EC56-42A9-A34E-E45577D9E169}.Debug|Any CPU.Build.0 = Debug|Any CPU
		{ABD5A469-EC56-42A9-A34E-E45577D9E169}.Debug|x64.ActiveCfg = Debug|Any CPU
		{ABD5A469-EC56-42A9-A34E-E45577D9E169}.Debug|x64.Build.0 = Debug|Any CPU
		{ABD5A469-EC56-42A9-A34E-E45577D9E169}.Debug|x86.ActiveCfg = Debug|Any CPU
		{ABD5A469-EC56-42A9-A34E-E45577D9E169}.Debug|x86.Build.0 = Debug|Any CPU
		{ABD5A469-EC56-42A9-A34E-E45577D9E169}.Release|Any CPU.ActiveCfg = Release|Any CPU
		{ABD5A469-EC56-42A9-A34E-E45577D9E169}.Release|Any CPU.Build.0 = Release|Any CPU
		{ABD5A469-EC56-42A9-A34E-E45577D9E169}.Release|x64.ActiveCfg = Release|Any CPU
		{ABD5A469-EC56-42A9-A34E-E45577D9E169}.Release|x64.Build.0 = Release|Any CPU
		{ABD5A469-EC56-42A9-A34E-E45577D9E169}.Release|x86.ActiveCfg = Release|Any CPU
		{ABD5A469-EC56-42A9-A34E-E45577D9E169}.Release|x86.Build.0 = Release|Any CPU
		{E4C9DE13-8324-4F11-9C69-AF0966851609}.Debug|Any CPU.ActiveCfg = Debug|Any CPU
		{E4C9DE13-8324-4F11-9C69-AF0966851609}.Debug|Any CPU.Build.0 = Debug|Any CPU
		{E4C9DE13-8324-4F11-9C69-AF0966851609}.Debug|x64.ActiveCfg = Debug|Any CPU
		{E4C9DE13-8324-4F11-9C69-AF0966851609}.Debug|x64.Build.0 = Debug|Any CPU
		{E4C9DE13-8324-4F11-9C69-AF0966851609}.Debug|x86.ActiveCfg = Debug|Any CPU
		{E4C9DE13-8324-4F11-9C69-AF0966851609}.Debug|x86.Build.0 = Debug|Any CPU
		{E4C9DE13-8324-4F11-9C69-AF0966851609}.Release|Any CPU.ActiveCfg = Release|Any CPU
		{E4C9DE13-8324-4F11-9C69-AF0966851609}.Release|Any CPU.Build.0 = Release|Any CPU
		{E4C9DE13-8324-4F11-9C69-AF0966851609}.Release|x64.ActiveCfg = Release|Any CPU
		{E4C9DE13-8324-4F11-9C69-AF0966851609}.Release|x64.Build.0 = Release|Any CPU
		{E4C9DE13-8324-4F11-9C69-AF0966851609}.Release|x86.ActiveCfg = Release|Any CPU
		{E4C9DE13-8324-4F11-9C69-AF0966851609}.Release|x86.Build.0 = Release|Any CPU
		{F2FA304A-ECBA-474A-81A5-C93936778E78}.Debug|Any CPU.ActiveCfg = Debug|Any CPU
		{F2FA304A-ECBA-474A-81A5-C93936778E78}.Debug|Any CPU.Build.0 = Debug|Any CPU
		{F2FA304A-ECBA-474A-81A5-C93936778E78}.Debug|x64.ActiveCfg = Debug|Any CPU
		{F2FA304A-ECBA-474A-81A5-C93936778E78}.Debug|x64.Build.0 = Debug|Any CPU
		{F2FA304A-ECBA-474A-81A5-C93936778E78}.Debug|x86.ActiveCfg = Debug|Any CPU
		{F2FA304A-ECBA-474A-81A5-C93936778E78}.Debug|x86.Build.0 = Debug|Any CPU
		{F2FA304A-ECBA-474A-81A5-C93936778E78}.Release|Any CPU.ActiveCfg = Release|Any CPU
		{F2FA304A-ECBA-474A-81A5-C93936778E78}.Release|Any CPU.Build.0 = Release|Any CPU
		{F2FA304A-ECBA-474A-81A5-C93936778E78}.Release|x64.ActiveCfg = Release|Any CPU
		{F2FA304A-ECBA-474A-81A5-C93936778E78}.Release|x64.Build.0 = Release|Any CPU
		{F2FA304A-ECBA-474A-81A5-C93936778E78}.Release|x86.ActiveCfg = Release|Any CPU
		{F2FA304A-ECBA-474A-81A5-C93936778E78}.Release|x86.Build.0 = Release|Any CPU
		{87981F8E-BE15-4F69-8E8F-49D1E3D4BA31}.Debug|Any CPU.ActiveCfg = Debug|Any CPU
		{87981F8E-BE15-4F69-8E8F-49D1E3D4BA31}.Debug|Any CPU.Build.0 = Debug|Any CPU
		{87981F8E-BE15-4F69-8E8F-49D1E3D4BA31}.Debug|x64.ActiveCfg = Debug|Any CPU
		{87981F8E-BE15-4F69-8E8F-49D1E3D4BA31}.Debug|x64.Build.0 = Debug|Any CPU
		{87981F8E-BE15-4F69-8E8F-49D1E3D4BA31}.Debug|x86.ActiveCfg = Debug|Any CPU
		{87981F8E-BE15-4F69-8E8F-49D1E3D4BA31}.Debug|x86.Build.0 = Debug|Any CPU
		{87981F8E-BE15-4F69-8E8F-49D1E3D4BA31}.Release|Any CPU.ActiveCfg = Release|Any CPU
		{87981F8E-BE15-4F69-8E8F-49D1E3D4BA31}.Release|Any CPU.Build.0 = Release|Any CPU
		{87981F8E-BE15-4F69-8E8F-49D1E3D4BA31}.Release|x64.ActiveCfg = Release|Any CPU
		{87981F8E-BE15-4F69-8E8F-49D1E3D4BA31}.Release|x64.Build.0 = Release|Any CPU
		{87981F8E-BE15-4F69-8E8F-49D1E3D4BA31}.Release|x86.ActiveCfg = Release|Any CPU
		{87981F8E-BE15-4F69-8E8F-49D1E3D4BA31}.Release|x86.Build.0 = Release|Any CPU
		{7889EFE6-7744-4E0B-917F-755539A78029}.Debug|Any CPU.ActiveCfg = Debug|Any CPU
		{7889EFE6-7744-4E0B-917F-755539A78029}.Debug|Any CPU.Build.0 = Debug|Any CPU
		{7889EFE6-7744-4E0B-917F-755539A78029}.Debug|x64.ActiveCfg = Debug|Any CPU
		{7889EFE6-7744-4E0B-917F-755539A78029}.Debug|x64.Build.0 = Debug|Any CPU
		{7889EFE6-7744-4E0B-917F-755539A78029}.Debug|x86.ActiveCfg = Debug|Any CPU
		{7889EFE6-7744-4E0B-917F-755539A78029}.Debug|x86.Build.0 = Debug|Any CPU
		{7889EFE6-7744-4E0B-917F-755539A78029}.Release|Any CPU.ActiveCfg = Release|Any CPU
		{7889EFE6-7744-4E0B-917F-755539A78029}.Release|Any CPU.Build.0 = Release|Any CPU
		{7889EFE6-7744-4E0B-917F-755539A78029}.Release|x64.ActiveCfg = Release|Any CPU
		{7889EFE6-7744-4E0B-917F-755539A78029}.Release|x64.Build.0 = Release|Any CPU
		{7889EFE6-7744-4E0B-917F-755539A78029}.Release|x86.ActiveCfg = Release|Any CPU
		{7889EFE6-7744-4E0B-917F-755539A78029}.Release|x86.Build.0 = Release|Any CPU
		{69CE885D-65C0-413A-8842-48B19E8848F3}.Debug|Any CPU.ActiveCfg = Debug|Any CPU
		{69CE885D-65C0-413A-8842-48B19E8848F3}.Debug|Any CPU.Build.0 = Debug|Any CPU
		{69CE885D-65C0-413A-8842-48B19E8848F3}.Debug|x64.ActiveCfg = Debug|Any CPU
		{69CE885D-65C0-413A-8842-48B19E8848F3}.Debug|x64.Build.0 = Debug|Any CPU
		{69CE885D-65C0-413A-8842-48B19E8848F3}.Debug|x86.ActiveCfg = Debug|Any CPU
		{69CE885D-65C0-413A-8842-48B19E8848F3}.Debug|x86.Build.0 = Debug|Any CPU
		{69CE885D-65C0-413A-8842-48B19E8848F3}.Release|Any CPU.ActiveCfg = Release|Any CPU
		{69CE885D-65C0-413A-8842-48B19E8848F3}.Release|Any CPU.Build.0 = Release|Any CPU
		{69CE885D-65C0-413A-8842-48B19E8848F3}.Release|x64.ActiveCfg = Release|Any CPU
		{69CE885D-65C0-413A-8842-48B19E8848F3}.Release|x64.Build.0 = Release|Any CPU
		{69CE885D-65C0-413A-8842-48B19E8848F3}.Release|x86.ActiveCfg = Release|Any CPU
		{69CE885D-65C0-413A-8842-48B19E8848F3}.Release|x86.Build.0 = Release|Any CPU
		{54B047F4-E0CF-4643-B178-9CFEB81F9D2C}.Debug|Any CPU.ActiveCfg = Debug|Any CPU
		{54B047F4-E0CF-4643-B178-9CFEB81F9D2C}.Debug|Any CPU.Build.0 = Debug|Any CPU
		{54B047F4-E0CF-4643-B178-9CFEB81F9D2C}.Debug|x64.ActiveCfg = Debug|Any CPU
		{54B047F4-E0CF-4643-B178-9CFEB81F9D2C}.Debug|x64.Build.0 = Debug|Any CPU
		{54B047F4-E0CF-4643-B178-9CFEB81F9D2C}.Debug|x86.ActiveCfg = Debug|Any CPU
		{54B047F4-E0CF-4643-B178-9CFEB81F9D2C}.Debug|x86.Build.0 = Debug|Any CPU
		{54B047F4-E0CF-4643-B178-9CFEB81F9D2C}.Release|Any CPU.ActiveCfg = Release|Any CPU
		{54B047F4-E0CF-4643-B178-9CFEB81F9D2C}.Release|Any CPU.Build.0 = Release|Any CPU
		{54B047F4-E0CF-4643-B178-9CFEB81F9D2C}.Release|x64.ActiveCfg = Release|Any CPU
		{54B047F4-E0CF-4643-B178-9CFEB81F9D2C}.Release|x64.Build.0 = Release|Any CPU
		{54B047F4-E0CF-4643-B178-9CFEB81F9D2C}.Release|x86.ActiveCfg = Release|Any CPU
		{54B047F4-E0CF-4643-B178-9CFEB81F9D2C}.Release|x86.Build.0 = Release|Any CPU
		{961C9576-4C42-44B4-945C-8372B6BD0B95}.Debug|Any CPU.ActiveCfg = Debug|Any CPU
		{961C9576-4C42-44B4-945C-8372B6BD0B95}.Debug|Any CPU.Build.0 = Debug|Any CPU
		{961C9576-4C42-44B4-945C-8372B6BD0B95}.Debug|x64.ActiveCfg = Debug|Any CPU
		{961C9576-4C42-44B4-945C-8372B6BD0B95}.Debug|x64.Build.0 = Debug|Any CPU
		{961C9576-4C42-44B4-945C-8372B6BD0B95}.Debug|x86.ActiveCfg = Debug|Any CPU
		{961C9576-4C42-44B4-945C-8372B6BD0B95}.Debug|x86.Build.0 = Debug|Any CPU
		{961C9576-4C42-44B4-945C-8372B6BD0B95}.Release|Any CPU.ActiveCfg = Release|Any CPU
		{961C9576-4C42-44B4-945C-8372B6BD0B95}.Release|Any CPU.Build.0 = Release|Any CPU
		{961C9576-4C42-44B4-945C-8372B6BD0B95}.Release|x64.ActiveCfg = Release|Any CPU
		{961C9576-4C42-44B4-945C-8372B6BD0B95}.Release|x64.Build.0 = Release|Any CPU
		{961C9576-4C42-44B4-945C-8372B6BD0B95}.Release|x86.ActiveCfg = Release|Any CPU
		{961C9576-4C42-44B4-945C-8372B6BD0B95}.Release|x86.Build.0 = Release|Any CPU
		{8CA212E8-08DF-46A0-AA51-D6D884DBF285}.Debug|Any CPU.ActiveCfg = Debug|Any CPU
		{8CA212E8-08DF-46A0-AA51-D6D884DBF285}.Debug|Any CPU.Build.0 = Debug|Any CPU
		{8CA212E8-08DF-46A0-AA51-D6D884DBF285}.Debug|x64.ActiveCfg = Debug|Any CPU
		{8CA212E8-08DF-46A0-AA51-D6D884DBF285}.Debug|x64.Build.0 = Debug|Any CPU
		{8CA212E8-08DF-46A0-AA51-D6D884DBF285}.Debug|x86.ActiveCfg = Debug|Any CPU
		{8CA212E8-08DF-46A0-AA51-D6D884DBF285}.Debug|x86.Build.0 = Debug|Any CPU
		{8CA212E8-08DF-46A0-AA51-D6D884DBF285}.Release|Any CPU.ActiveCfg = Release|Any CPU
		{8CA212E8-08DF-46A0-AA51-D6D884DBF285}.Release|Any CPU.Build.0 = Release|Any CPU
		{8CA212E8-08DF-46A0-AA51-D6D884DBF285}.Release|x64.ActiveCfg = Release|Any CPU
		{8CA212E8-08DF-46A0-AA51-D6D884DBF285}.Release|x64.Build.0 = Release|Any CPU
		{8CA212E8-08DF-46A0-AA51-D6D884DBF285}.Release|x86.ActiveCfg = Release|Any CPU
		{8CA212E8-08DF-46A0-AA51-D6D884DBF285}.Release|x86.Build.0 = Release|Any CPU
		{9270EC8B-BAC5-4098-9C21-DD1E8B45888E}.Debug|Any CPU.ActiveCfg = Debug|Any CPU
		{9270EC8B-BAC5-4098-9C21-DD1E8B45888E}.Debug|Any CPU.Build.0 = Debug|Any CPU
		{9270EC8B-BAC5-4098-9C21-DD1E8B45888E}.Debug|x64.ActiveCfg = Debug|Any CPU
		{9270EC8B-BAC5-4098-9C21-DD1E8B45888E}.Debug|x64.Build.0 = Debug|Any CPU
		{9270EC8B-BAC5-4098-9C21-DD1E8B45888E}.Debug|x86.ActiveCfg = Debug|Any CPU
		{9270EC8B-BAC5-4098-9C21-DD1E8B45888E}.Debug|x86.Build.0 = Debug|Any CPU
		{9270EC8B-BAC5-4098-9C21-DD1E8B45888E}.Release|Any CPU.ActiveCfg = Release|Any CPU
		{9270EC8B-BAC5-4098-9C21-DD1E8B45888E}.Release|Any CPU.Build.0 = Release|Any CPU
		{9270EC8B-BAC5-4098-9C21-DD1E8B45888E}.Release|x64.ActiveCfg = Release|Any CPU
		{9270EC8B-BAC5-4098-9C21-DD1E8B45888E}.Release|x64.Build.0 = Release|Any CPU
		{9270EC8B-BAC5-4098-9C21-DD1E8B45888E}.Release|x86.ActiveCfg = Release|Any CPU
		{9270EC8B-BAC5-4098-9C21-DD1E8B45888E}.Release|x86.Build.0 = Release|Any CPU
		{92C6FA91-E7E2-4049-9740-14172D3B65AF}.Debug|Any CPU.ActiveCfg = Debug|Any CPU
		{92C6FA91-E7E2-4049-9740-14172D3B65AF}.Debug|Any CPU.Build.0 = Debug|Any CPU
		{92C6FA91-E7E2-4049-9740-14172D3B65AF}.Debug|x64.ActiveCfg = Debug|Any CPU
		{92C6FA91-E7E2-4049-9740-14172D3B65AF}.Debug|x64.Build.0 = Debug|Any CPU
		{92C6FA91-E7E2-4049-9740-14172D3B65AF}.Debug|x86.ActiveCfg = Debug|Any CPU
		{92C6FA91-E7E2-4049-9740-14172D3B65AF}.Debug|x86.Build.0 = Debug|Any CPU
		{92C6FA91-E7E2-4049-9740-14172D3B65AF}.Release|Any CPU.ActiveCfg = Release|Any CPU
		{92C6FA91-E7E2-4049-9740-14172D3B65AF}.Release|Any CPU.Build.0 = Release|Any CPU
		{92C6FA91-E7E2-4049-9740-14172D3B65AF}.Release|x64.ActiveCfg = Release|Any CPU
		{92C6FA91-E7E2-4049-9740-14172D3B65AF}.Release|x64.Build.0 = Release|Any CPU
		{92C6FA91-E7E2-4049-9740-14172D3B65AF}.Release|x86.ActiveCfg = Release|Any CPU
		{92C6FA91-E7E2-4049-9740-14172D3B65AF}.Release|x86.Build.0 = Release|Any CPU
		{F65F5286-50FE-4384-A5FB-B27A62D8BB66}.Debug|Any CPU.ActiveCfg = Debug|Any CPU
		{F65F5286-50FE-4384-A5FB-B27A62D8BB66}.Debug|Any CPU.Build.0 = Debug|Any CPU
		{F65F5286-50FE-4384-A5FB-B27A62D8BB66}.Debug|x64.ActiveCfg = Debug|Any CPU
		{F65F5286-50FE-4384-A5FB-B27A62D8BB66}.Debug|x64.Build.0 = Debug|Any CPU
		{F65F5286-50FE-4384-A5FB-B27A62D8BB66}.Debug|x86.ActiveCfg = Debug|Any CPU
		{F65F5286-50FE-4384-A5FB-B27A62D8BB66}.Debug|x86.Build.0 = Debug|Any CPU
		{F65F5286-50FE-4384-A5FB-B27A62D8BB66}.Release|Any CPU.ActiveCfg = Release|Any CPU
		{F65F5286-50FE-4384-A5FB-B27A62D8BB66}.Release|Any CPU.Build.0 = Release|Any CPU
		{F65F5286-50FE-4384-A5FB-B27A62D8BB66}.Release|x64.ActiveCfg = Release|Any CPU
		{F65F5286-50FE-4384-A5FB-B27A62D8BB66}.Release|x64.Build.0 = Release|Any CPU
		{F65F5286-50FE-4384-A5FB-B27A62D8BB66}.Release|x86.ActiveCfg = Release|Any CPU
		{F65F5286-50FE-4384-A5FB-B27A62D8BB66}.Release|x86.Build.0 = Release|Any CPU
		{BC14DE02-701A-45B0-A0FD-8E1CFEB88117}.Debug|Any CPU.ActiveCfg = Debug|Any CPU
		{BC14DE02-701A-45B0-A0FD-8E1CFEB88117}.Debug|Any CPU.Build.0 = Debug|Any CPU
		{BC14DE02-701A-45B0-A0FD-8E1CFEB88117}.Debug|x64.ActiveCfg = Debug|Any CPU
		{BC14DE02-701A-45B0-A0FD-8E1CFEB88117}.Debug|x64.Build.0 = Debug|Any CPU
		{BC14DE02-701A-45B0-A0FD-8E1CFEB88117}.Debug|x86.ActiveCfg = Debug|Any CPU
		{BC14DE02-701A-45B0-A0FD-8E1CFEB88117}.Debug|x86.Build.0 = Debug|Any CPU
		{BC14DE02-701A-45B0-A0FD-8E1CFEB88117}.Release|Any CPU.ActiveCfg = Release|Any CPU
		{BC14DE02-701A-45B0-A0FD-8E1CFEB88117}.Release|Any CPU.Build.0 = Release|Any CPU
		{BC14DE02-701A-45B0-A0FD-8E1CFEB88117}.Release|x64.ActiveCfg = Release|Any CPU
		{BC14DE02-701A-45B0-A0FD-8E1CFEB88117}.Release|x64.Build.0 = Release|Any CPU
		{BC14DE02-701A-45B0-A0FD-8E1CFEB88117}.Release|x86.ActiveCfg = Release|Any CPU
		{BC14DE02-701A-45B0-A0FD-8E1CFEB88117}.Release|x86.Build.0 = Release|Any CPU
		{06E941DB-7B44-4608-A46F-5B8B8F64A9E1}.Debug|Any CPU.ActiveCfg = Debug|Win32
		{06E941DB-7B44-4608-A46F-5B8B8F64A9E1}.Debug|x64.ActiveCfg = Debug|x64
		{06E941DB-7B44-4608-A46F-5B8B8F64A9E1}.Debug|x64.Build.0 = Debug|x64
		{06E941DB-7B44-4608-A46F-5B8B8F64A9E1}.Debug|x86.ActiveCfg = Debug|Win32
		{06E941DB-7B44-4608-A46F-5B8B8F64A9E1}.Debug|x86.Build.0 = Debug|Win32
		{06E941DB-7B44-4608-A46F-5B8B8F64A9E1}.Release|Any CPU.ActiveCfg = Release|Win32
		{06E941DB-7B44-4608-A46F-5B8B8F64A9E1}.Release|x64.ActiveCfg = Release|x64
		{06E941DB-7B44-4608-A46F-5B8B8F64A9E1}.Release|x64.Build.0 = Release|x64
		{06E941DB-7B44-4608-A46F-5B8B8F64A9E1}.Release|x86.ActiveCfg = Release|Win32
		{06E941DB-7B44-4608-A46F-5B8B8F64A9E1}.Release|x86.Build.0 = Release|Win32
		{0E8AB898-C90A-4889-B873-1B728FE0E902}.Debug|Any CPU.ActiveCfg = Debug|Win32
		{0E8AB898-C90A-4889-B873-1B728FE0E902}.Debug|x64.ActiveCfg = Debug|x64
		{0E8AB898-C90A-4889-B873-1B728FE0E902}.Debug|x64.Build.0 = Debug|x64
		{0E8AB898-C90A-4889-B873-1B728FE0E902}.Debug|x86.ActiveCfg = Debug|Win32
		{0E8AB898-C90A-4889-B873-1B728FE0E902}.Debug|x86.Build.0 = Debug|Win32
		{0E8AB898-C90A-4889-B873-1B728FE0E902}.Release|Any CPU.ActiveCfg = Release|Win32
		{0E8AB898-C90A-4889-B873-1B728FE0E902}.Release|x64.ActiveCfg = Release|x64
		{0E8AB898-C90A-4889-B873-1B728FE0E902}.Release|x64.Build.0 = Release|x64
		{0E8AB898-C90A-4889-B873-1B728FE0E902}.Release|x86.ActiveCfg = Release|Win32
		{0E8AB898-C90A-4889-B873-1B728FE0E902}.Release|x86.Build.0 = Release|Win32
	EndGlobalSection
	GlobalSection(SolutionProperties) = preSolution
		HideSolutionNode = FALSE
	EndGlobalSection
	GlobalSection(ExtensibilityGlobals) = postSolution
		SolutionGuid = {321FDEF8-D5B0-4900-8998-6AAC843D19A8}
	EndGlobalSection
EndGlobal
