
Microsoft Visual Studio Solution File, Format Version 12.00
# Visual Studio 15
VisualStudioVersion = 15.0.26124.0
MinimumVisualStudioVersion = 15.0.26124.0
Project("{FAE04EC0-301F-11D3-BF4B-00C04F79EFBC}") = "StellaLib", "StellaLib\StellaLib.csproj", "{0A3463FD-CF48-4B70-BE83-6668D052B70F}"
EndProject
Project("{FAE04EC0-301F-11D3-BF4B-00C04F79EFBC}") = "StellaLib.Test", "StellaLib.Test\StellaLib.Test.csproj", "{B6D7B5B9-61D4-415D-BA15-C770EF5CE87B}"
EndProject
Project("{FAE04EC0-301F-11D3-BF4B-00C04F79EFBC}") = "StellaServer", "StellaServer\StellaServer.csproj", "{7FEEB1EA-08AD-44CF-877E-90A55F8154EF}"
EndProject
Project("{FAE04EC0-301F-11D3-BF4B-00C04F79EFBC}") = "StellaServer.Test", "StellaServer.Test\StellaServer.Test.csproj", "{ABD5A469-EC56-42A9-A34E-E45577D9E169}"
EndProject
Global
	GlobalSection(SolutionConfigurationPlatforms) = preSolution
		Debug|Any CPU = Debug|Any CPU
		Debug|x64 = Debug|x64
		Debug|x86 = Debug|x86
		Release|Any CPU = Release|Any CPU
		Release|x64 = Release|x64
		Release|x86 = Release|x86
	EndGlobalSection
	GlobalSection(SolutionProperties) = preSolution
		HideSolutionNode = FALSE
	EndGlobalSection
	GlobalSection(ProjectConfigurationPlatforms) = postSolution
		{0A3463FD-CF48-4B70-BE83-6668D052B70F}.Debug|Any CPU.ActiveCfg = Debug|Any CPU
		{0A3463FD-CF48-4B70-BE83-6668D052B70F}.Debug|Any CPU.Build.0 = Debug|Any CPU
		{0A3463FD-CF48-4B70-BE83-6668D052B70F}.Debug|x64.ActiveCfg = Debug|Any CPU
		{0A3463FD-CF48-4B70-BE83-6668D052B70F}.Debug|x64.Build.0 = Debug|Any CPU
		{0A3463FD-CF48-4B70-BE83-6668D052B70F}.Debug|x86.ActiveCfg = Debug|Any CPU
		{0A3463FD-CF48-4B70-BE83-6668D052B70F}.Debug|x86.Build.0 = Debug|Any CPU
		{0A3463FD-CF48-4B70-BE83-6668D052B70F}.Release|Any CPU.ActiveCfg = Release|Any CPU
		{0A3463FD-CF48-4B70-BE83-6668D052B70F}.Release|Any CPU.Build.0 = Release|Any CPU
		{0A3463FD-CF48-4B70-BE83-6668D052B70F}.Release|x64.ActiveCfg = Release|Any CPU
		{0A3463FD-CF48-4B70-BE83-6668D052B70F}.Release|x64.Build.0 = Release|Any CPU
		{0A3463FD-CF48-4B70-BE83-6668D052B70F}.Release|x86.ActiveCfg = Release|Any CPU
		{0A3463FD-CF48-4B70-BE83-6668D052B70F}.Release|x86.Build.0 = Release|Any CPU
		{B6D7B5B9-61D4-415D-BA15-C770EF5CE87B}.Debug|Any CPU.ActiveCfg = Debug|Any CPU
		{B6D7B5B9-61D4-415D-BA15-C770EF5CE87B}.Debug|Any CPU.Build.0 = Debug|Any CPU
		{B6D7B5B9-61D4-415D-BA15-C770EF5CE87B}.Debug|x64.ActiveCfg = Debug|Any CPU
		{B6D7B5B9-61D4-415D-BA15-C770EF5CE87B}.Debug|x64.Build.0 = Debug|Any CPU
		{B6D7B5B9-61D4-415D-BA15-C770EF5CE87B}.Debug|x86.ActiveCfg = Debug|Any CPU
		{B6D7B5B9-61D4-415D-BA15-C770EF5CE87B}.Debug|x86.Build.0 = Debug|Any CPU
		{B6D7B5B9-61D4-415D-BA15-C770EF5CE87B}.Release|Any CPU.ActiveCfg = Release|Any CPU
		{B6D7B5B9-61D4-415D-BA15-C770EF5CE87B}.Release|Any CPU.Build.0 = Release|Any CPU
		{B6D7B5B9-61D4-415D-BA15-C770EF5CE87B}.Release|x64.ActiveCfg = Release|Any CPU
		{B6D7B5B9-61D4-415D-BA15-C770EF5CE87B}.Release|x64.Build.0 = Release|Any CPU
		{B6D7B5B9-61D4-415D-BA15-C770EF5CE87B}.Release|x86.ActiveCfg = Release|Any CPU
		{B6D7B5B9-61D4-415D-BA15-C770EF5CE87B}.Release|x86.Build.0 = Release|Any CPU
		{7FEEB1EA-08AD-44CF-877E-90A55F8154EF}.Debug|Any CPU.ActiveCfg = Debug|Any CPU
		{7FEEB1EA-08AD-44CF-877E-90A55F8154EF}.Debug|Any CPU.Build.0 = Debug|Any CPU
		{7FEEB1EA-08AD-44CF-877E-90A55F8154EF}.Debug|x64.ActiveCfg = Debug|Any CPU
		{7FEEB1EA-08AD-44CF-877E-90A55F8154EF}.Debug|x64.Build.0 = Debug|Any CPU
		{7FEEB1EA-08AD-44CF-877E-90A55F8154EF}.Debug|x86.ActiveCfg = Debug|Any CPU
		{7FEEB1EA-08AD-44CF-877E-90A55F8154EF}.Debug|x86.Build.0 = Debug|Any CPU
		{7FEEB1EA-08AD-44CF-877E-90A55F8154EF}.Release|Any CPU.ActiveCfg = Release|Any CPU
		{7FEEB1EA-08AD-44CF-877E-90A55F8154EF}.Release|Any CPU.Build.0 = Release|Any CPU
		{7FEEB1EA-08AD-44CF-877E-90A55F8154EF}.Release|x64.ActiveCfg = Release|Any CPU
		{7FEEB1EA-08AD-44CF-877E-90A55F8154EF}.Release|x64.Build.0 = Release|Any CPU
		{7FEEB1EA-08AD-44CF-877E-90A55F8154EF}.Release|x86.ActiveCfg = Release|Any CPU
		{7FEEB1EA-08AD-44CF-877E-90A55F8154EF}.Release|x86.Build.0 = Release|Any CPU
		{ABD5A469-EC56-42A9-A34E-E45577D9E169}.Debug|Any CPU.ActiveCfg = Debug|Any CPU
		{ABD5A469-EC56-42A9-A34E-E45577D9E169}.Debug|Any CPU.Build.0 = Debug|Any CPU
		{ABD5A469-EC56-42A9-A34E-E45577D9E169}.Debug|x64.ActiveCfg = Debug|Any CPU
		{ABD5A469-EC56-42A9-A34E-E45577D9E169}.Debug|x64.Build.0 = Debug|Any CPU
		{ABD5A469-EC56-42A9-A34E-E45577D9E169}.Debug|x86.ActiveCfg = Debug|Any CPU
		{ABD5A469-EC56-42A9-A34E-E45577D9E169}.Debug|x86.Build.0 = Debug|Any CPU
		{ABD5A469-EC56-42A9-A34E-E45577D9E169}.Release|Any CPU.ActiveCfg = Release|Any CPU
		{ABD5A469-EC56-42A9-A34E-E45577D9E169}.Release|Any CPU.Build.0 = Release|Any CPU
		{ABD5A469-EC56-42A9-A34E-E45577D9E169}.Release|x64.ActiveCfg = Release|Any CPU
		{ABD5A469-EC56-42A9-A34E-E45577D9E169}.Release|x64.Build.0 = Release|Any CPU
		{ABD5A469-EC56-42A9-A34E-E45577D9E169}.Release|x86.ActiveCfg = Release|Any CPU
		{ABD5A469-EC56-42A9-A34E-E45577D9E169}.Release|x86.Build.0 = Release|Any CPU
	EndGlobalSection
EndGlobal
