
Microsoft Visual Studio Solution File, Format Version 12.00
# Visual Studio 15
VisualStudioVersion = 15.0.26124.0
MinimumVisualStudioVersion = 15.0.26124.0
Project("{9A19103F-16F7-4668-BE54-9A1E7A4F7556}") = "StellaLib", "StellaLib\StellaLib.csproj", "{0A3463FD-CF48-4B70-BE83-6668D052B70F}"
EndProject
Project("{9A19103F-16F7-4668-BE54-9A1E7A4F7556}") = "StellaLib.Test", "StellaLib.Test\StellaLib.Test.csproj", "{B6D7B5B9-61D4-415D-BA15-C770EF5CE87B}"
EndProject
Project("{9A19103F-16F7-4668-BE54-9A1E7A4F7556}") = "StellaServerLib", "StellaServerLib\StellaServerLib.csproj", "{7FEEB1EA-08AD-44CF-877E-90A55F8154EF}"
EndProject
Project("{9A19103F-16F7-4668-BE54-9A1E7A4F7556}") = "StellaServerLib.Test", "StellaServerLib.Test\StellaServerLib.Test.csproj", "{ABD5A469-EC56-42A9-A34E-E45577D9E169}"
EndProject
Project("{9A19103F-16F7-4668-BE54-9A1E7A4F7556}") = "StellaClient", "StellaClient\StellaClient.csproj", "{E4C9DE13-8324-4F11-9C69-AF0966851609}"
EndProject
Project("{9A19103F-16F7-4668-BE54-9A1E7A4F7556}") = "rpi_ws281x", "rpi_ws281x\rpi_ws281x.csproj", "{F2FA304A-ECBA-474A-81A5-C93936778E78}"
EndProject
Project("{9A19103F-16F7-4668-BE54-9A1E7A4F7556}") = "StellaClient.Test", "StellaClient.Test\StellaClient.Test.csproj", "{87981F8E-BE15-4F69-8E8F-49D1E3D4BA31}"
EndProject
Project("{9A19103F-16F7-4668-BE54-9A1E7A4F7556}") = "EndToEndTests", "EndToEndTests\EndToEndTests.csproj", "{7889EFE6-7744-4E0B-917F-755539A78029}"
EndProject
Project("{FAE04EC0-301F-11D3-BF4B-00C04F79EFBC}") = "StellaVisualizer", "StellaVisualizer\StellaVisualizer.csproj", "{78C0E95F-8E12-4E43-9163-18EB0A966A8B}"
EndProject
Global
	GlobalSection(SolutionConfigurationPlatforms) = preSolution
		Debug|Any CPU = Debug|Any CPU
		Debug|x64 = Debug|x64
		Debug|x86 = Debug|x86
		Release|Any CPU = Release|Any CPU
		Release|x64 = Release|x64
		Release|x86 = Release|x86
	EndGlobalSection
	GlobalSection(ProjectConfigurationPlatforms) = postSolution
		{0A3463FD-CF48-4B70-BE83-6668D052B70F}.Debug|Any CPU.ActiveCfg = Debug|Any CPU
		{0A3463FD-CF48-4B70-BE83-6668D052B70F}.Debug|Any CPU.Build.0 = Debug|Any CPU
		{0A3463FD-CF48-4B70-BE83-6668D052B70F}.Debug|x64.ActiveCfg = Debug|Any CPU
		{0A3463FD-CF48-4B70-BE83-6668D052B70F}.Debug|x64.Build.0 = Debug|Any CPU
		{0A3463FD-CF48-4B70-BE83-6668D052B70F}.Debug|x86.ActiveCfg = Debug|Any CPU
		{0A3463FD-CF48-4B70-BE83-6668D052B70F}.Debug|x86.Build.0 = Debug|Any CPU
		{0A3463FD-CF48-4B70-BE83-6668D052B70F}.Release|Any CPU.ActiveCfg = Release|Any CPU
		{0A3463FD-CF48-4B70-BE83-6668D052B70F}.Release|Any CPU.Build.0 = Release|Any CPU
		{0A3463FD-CF48-4B70-BE83-6668D052B70F}.Release|x64.ActiveCfg = Release|Any CPU
		{0A3463FD-CF48-4B70-BE83-6668D052B70F}.Release|x64.Build.0 = Release|Any CPU
		{0A3463FD-CF48-4B70-BE83-6668D052B70F}.Release|x86.ActiveCfg = Release|Any CPU
		{0A3463FD-CF48-4B70-BE83-6668D052B70F}.Release|x86.Build.0 = Release|Any CPU
		{B6D7B5B9-61D4-415D-BA15-C770EF5CE87B}.Debug|Any CPU.ActiveCfg = Debug|Any CPU
		{B6D7B5B9-61D4-415D-BA15-C770EF5CE87B}.Debug|Any CPU.Build.0 = Debug|Any CPU
		{B6D7B5B9-61D4-415D-BA15-C770EF5CE87B}.Debug|x64.ActiveCfg = Debug|Any CPU
		{B6D7B5B9-61D4-415D-BA15-C770EF5CE87B}.Debug|x64.Build.0 = Debug|Any CPU
		{B6D7B5B9-61D4-415D-BA15-C770EF5CE87B}.Debug|x86.ActiveCfg = Debug|Any CPU
		{B6D7B5B9-61D4-415D-BA15-C770EF5CE87B}.Debug|x86.Build.0 = Debug|Any CPU
		{B6D7B5B9-61D4-415D-BA15-C770EF5CE87B}.Release|Any CPU.ActiveCfg = Release|Any CPU
		{B6D7B5B9-61D4-415D-BA15-C770EF5CE87B}.Release|Any CPU.Build.0 = Release|Any CPU
		{B6D7B5B9-61D4-415D-BA15-C770EF5CE87B}.Release|x64.ActiveCfg = Release|Any CPU
		{B6D7B5B9-61D4-415D-BA15-C770EF5CE87B}.Release|x64.Build.0 = Release|Any CPU
		{B6D7B5B9-61D4-415D-BA15-C770EF5CE87B}.Release|x86.ActiveCfg = Release|Any CPU
		{B6D7B5B9-61D4-415D-BA15-C770EF5CE87B}.Release|x86.Build.0 = Release|Any CPU
		{7FEEB1EA-08AD-44CF-877E-90A55F8154EF}.Debug|Any CPU.ActiveCfg = Debug|Any CPU
		{7FEEB1EA-08AD-44CF-877E-90A55F8154EF}.Debug|Any CPU.Build.0 = Debug|Any CPU
		{7FEEB1EA-08AD-44CF-877E-90A55F8154EF}.Debug|x64.ActiveCfg = Debug|Any CPU
		{7FEEB1EA-08AD-44CF-877E-90A55F8154EF}.Debug|x64.Build.0 = Debug|Any CPU
		{7FEEB1EA-08AD-44CF-877E-90A55F8154EF}.Debug|x86.ActiveCfg = Debug|Any CPU
		{7FEEB1EA-08AD-44CF-877E-90A55F8154EF}.Debug|x86.Build.0 = Debug|Any CPU
		{7FEEB1EA-08AD-44CF-877E-90A55F8154EF}.Release|Any CPU.ActiveCfg = Release|Any CPU
		{7FEEB1EA-08AD-44CF-877E-90A55F8154EF}.Release|Any CPU.Build.0 = Release|Any CPU
		{7FEEB1EA-08AD-44CF-877E-90A55F8154EF}.Release|x64.ActiveCfg = Release|Any CPU
		{7FEEB1EA-08AD-44CF-877E-90A55F8154EF}.Release|x64.Build.0 = Release|Any CPU
		{7FEEB1EA-08AD-44CF-877E-90A55F8154EF}.Release|x86.ActiveCfg = Release|Any CPU
		{7FEEB1EA-08AD-44CF-877E-90A55F8154EF}.Release|x86.Build.0 = Release|Any CPU
		{ABD5A469-EC56-42A9-A34E-E45577D9E169}.Debug|Any CPU.ActiveCfg = Debug|Any CPU
		{ABD5A469-EC56-42A9-A34E-E45577D9E169}.Debug|Any CPU.Build.0 = Debug|Any CPU
		{ABD5A469-EC56-42A9-A34E-E45577D9E169}.Debug|x64.ActiveCfg = Debug|Any CPU
		{ABD5A469-EC56-42A9-A34E-E45577D9E169}.Debug|x64.Build.0 = Debug|Any CPU
		{ABD5A469-EC56-42A9-A34E-E45577D9E169}.Debug|x86.ActiveCfg = Debug|Any CPU
		{ABD5A469-EC56-42A9-A34E-E45577D9E169}.Debug|x86.Build.0 = Debug|Any CPU
		{ABD5A469-EC56-42A9-A34E-E45577D9E169}.Release|Any CPU.ActiveCfg = Release|Any CPU
		{ABD5A469-EC56-42A9-A34E-E45577D9E169}.Release|Any CPU.Build.0 = Release|Any CPU
		{ABD5A469-EC56-42A9-A34E-E45577D9E169}.Release|x64.ActiveCfg = Release|Any CPU
		{ABD5A469-EC56-42A9-A34E-E45577D9E169}.Release|x64.Build.0 = Release|Any CPU
		{ABD5A469-EC56-42A9-A34E-E45577D9E169}.Release|x86.ActiveCfg = Release|Any CPU
		{ABD5A469-EC56-42A9-A34E-E45577D9E169}.Release|x86.Build.0 = Release|Any CPU
		{E4C9DE13-8324-4F11-9C69-AF0966851609}.Debug|Any CPU.ActiveCfg = Debug|Any CPU
		{E4C9DE13-8324-4F11-9C69-AF0966851609}.Debug|Any CPU.Build.0 = Debug|Any CPU
		{E4C9DE13-8324-4F11-9C69-AF0966851609}.Debug|x64.ActiveCfg = Debug|Any CPU
		{E4C9DE13-8324-4F11-9C69-AF0966851609}.Debug|x64.Build.0 = Debug|Any CPU
		{E4C9DE13-8324-4F11-9C69-AF0966851609}.Debug|x86.ActiveCfg = Debug|Any CPU
		{E4C9DE13-8324-4F11-9C69-AF0966851609}.Debug|x86.Build.0 = Debug|Any CPU
		{E4C9DE13-8324-4F11-9C69-AF0966851609}.Release|Any CPU.ActiveCfg = Release|Any CPU
		{E4C9DE13-8324-4F11-9C69-AF0966851609}.Release|Any CPU.Build.0 = Release|Any CPU
		{E4C9DE13-8324-4F11-9C69-AF0966851609}.Release|x64.ActiveCfg = Release|Any CPU
		{E4C9DE13-8324-4F11-9C69-AF0966851609}.Release|x64.Build.0 = Release|Any CPU
		{E4C9DE13-8324-4F11-9C69-AF0966851609}.Release|x86.ActiveCfg = Release|Any CPU
		{E4C9DE13-8324-4F11-9C69-AF0966851609}.Release|x86.Build.0 = Release|Any CPU
		{F2FA304A-ECBA-474A-81A5-C93936778E78}.Debug|Any CPU.ActiveCfg = Debug|Any CPU
		{F2FA304A-ECBA-474A-81A5-C93936778E78}.Debug|Any CPU.Build.0 = Debug|Any CPU
		{F2FA304A-ECBA-474A-81A5-C93936778E78}.Debug|x64.ActiveCfg = Debug|Any CPU
		{F2FA304A-ECBA-474A-81A5-C93936778E78}.Debug|x64.Build.0 = Debug|Any CPU
		{F2FA304A-ECBA-474A-81A5-C93936778E78}.Debug|x86.ActiveCfg = Debug|Any CPU
		{F2FA304A-ECBA-474A-81A5-C93936778E78}.Debug|x86.Build.0 = Debug|Any CPU
		{F2FA304A-ECBA-474A-81A5-C93936778E78}.Release|Any CPU.ActiveCfg = Release|Any CPU
		{F2FA304A-ECBA-474A-81A5-C93936778E78}.Release|Any CPU.Build.0 = Release|Any CPU
		{F2FA304A-ECBA-474A-81A5-C93936778E78}.Release|x64.ActiveCfg = Release|Any CPU
		{F2FA304A-ECBA-474A-81A5-C93936778E78}.Release|x64.Build.0 = Release|Any CPU
		{F2FA304A-ECBA-474A-81A5-C93936778E78}.Release|x86.ActiveCfg = Release|Any CPU
		{F2FA304A-ECBA-474A-81A5-C93936778E78}.Release|x86.Build.0 = Release|Any CPU
		{87981F8E-BE15-4F69-8E8F-49D1E3D4BA31}.Debug|Any CPU.ActiveCfg = Debug|Any CPU
		{87981F8E-BE15-4F69-8E8F-49D1E3D4BA31}.Debug|Any CPU.Build.0 = Debug|Any CPU
		{87981F8E-BE15-4F69-8E8F-49D1E3D4BA31}.Debug|x64.ActiveCfg = Debug|Any CPU
		{87981F8E-BE15-4F69-8E8F-49D1E3D4BA31}.Debug|x64.Build.0 = Debug|Any CPU
		{87981F8E-BE15-4F69-8E8F-49D1E3D4BA31}.Debug|x86.ActiveCfg = Debug|Any CPU
		{87981F8E-BE15-4F69-8E8F-49D1E3D4BA31}.Debug|x86.Build.0 = Debug|Any CPU
		{87981F8E-BE15-4F69-8E8F-49D1E3D4BA31}.Release|Any CPU.ActiveCfg = Release|Any CPU
		{87981F8E-BE15-4F69-8E8F-49D1E3D4BA31}.Release|Any CPU.Build.0 = Release|Any CPU
		{87981F8E-BE15-4F69-8E8F-49D1E3D4BA31}.Release|x64.ActiveCfg = Release|Any CPU
		{87981F8E-BE15-4F69-8E8F-49D1E3D4BA31}.Release|x64.Build.0 = Release|Any CPU
		{87981F8E-BE15-4F69-8E8F-49D1E3D4BA31}.Release|x86.ActiveCfg = Release|Any CPU
		{87981F8E-BE15-4F69-8E8F-49D1E3D4BA31}.Release|x86.Build.0 = Release|Any CPU
		{7889EFE6-7744-4E0B-917F-755539A78029}.Debug|Any CPU.ActiveCfg = Debug|Any CPU
		{7889EFE6-7744-4E0B-917F-755539A78029}.Debug|Any CPU.Build.0 = Debug|Any CPU
		{7889EFE6-7744-4E0B-917F-755539A78029}.Debug|x64.ActiveCfg = Debug|Any CPU
		{7889EFE6-7744-4E0B-917F-755539A78029}.Debug|x64.Build.0 = Debug|Any CPU
		{7889EFE6-7744-4E0B-917F-755539A78029}.Debug|x86.ActiveCfg = Debug|Any CPU
		{7889EFE6-7744-4E0B-917F-755539A78029}.Debug|x86.Build.0 = Debug|Any CPU
		{7889EFE6-7744-4E0B-917F-755539A78029}.Release|Any CPU.ActiveCfg = Release|Any CPU
		{7889EFE6-7744-4E0B-917F-755539A78029}.Release|Any CPU.Build.0 = Release|Any CPU
		{7889EFE6-7744-4E0B-917F-755539A78029}.Release|x64.ActiveCfg = Release|Any CPU
		{7889EFE6-7744-4E0B-917F-755539A78029}.Release|x64.Build.0 = Release|Any CPU
		{7889EFE6-7744-4E0B-917F-755539A78029}.Release|x86.ActiveCfg = Release|Any CPU
		{7889EFE6-7744-4E0B-917F-755539A78029}.Release|x86.Build.0 = Release|Any CPU
		{78C0E95F-8E12-4E43-9163-18EB0A966A8B}.Debug|Any CPU.ActiveCfg = Debug|Any CPU
		{78C0E95F-8E12-4E43-9163-18EB0A966A8B}.Debug|Any CPU.Build.0 = Debug|Any CPU
		{78C0E95F-8E12-4E43-9163-18EB0A966A8B}.Debug|x64.ActiveCfg = Debug|Any CPU
		{78C0E95F-8E12-4E43-9163-18EB0A966A8B}.Debug|x64.Build.0 = Debug|Any CPU
		{78C0E95F-8E12-4E43-9163-18EB0A966A8B}.Debug|x86.ActiveCfg = Debug|Any CPU
		{78C0E95F-8E12-4E43-9163-18EB0A966A8B}.Debug|x86.Build.0 = Debug|Any CPU
		{78C0E95F-8E12-4E43-9163-18EB0A966A8B}.Release|Any CPU.ActiveCfg = Release|Any CPU
		{78C0E95F-8E12-4E43-9163-18EB0A966A8B}.Release|Any CPU.Build.0 = Release|Any CPU
		{78C0E95F-8E12-4E43-9163-18EB0A966A8B}.Release|x64.ActiveCfg = Release|Any CPU
		{78C0E95F-8E12-4E43-9163-18EB0A966A8B}.Release|x64.Build.0 = Release|Any CPU
		{78C0E95F-8E12-4E43-9163-18EB0A966A8B}.Release|x86.ActiveCfg = Release|Any CPU
		{78C0E95F-8E12-4E43-9163-18EB0A966A8B}.Release|x86.Build.0 = Release|Any CPU
	EndGlobalSection
	GlobalSection(SolutionProperties) = preSolution
		HideSolutionNode = FALSE
	EndGlobalSection
	GlobalSection(ExtensibilityGlobals) = postSolution
		SolutionGuid = {321FDEF8-D5B0-4900-8998-6AAC843D19A8}
	EndGlobalSection
EndGlobal
